
Microsoft Visual Studio Solution File, Format Version 12.00
# Visual Studio Version 17
VisualStudioVersion = 17.4.33213.308
MinimumVisualStudioVersion = 10.0.40219.1
Project("{FAE04EC0-301F-11D3-BF4B-00C04F79EFBC}") = "test", "test.csproj", "{CCB4643A-E6FF-408B-9CD0-F510C5D2E8EB}"
EndProject
Global
	GlobalSection(SolutionConfigurationPlatforms) = preSolution
		Debug|Any CPU = Debug|Any CPU
		Release|Any CPU = Release|Any CPU
	EndGlobalSection
	GlobalSection(ProjectConfigurationPlatforms) = postSolution
		{CCB4643A-E6FF-408B-9CD0-F510C5D2E8EB}.Debug|Any CPU.ActiveCfg = Debug|Any CPU
		{CCB4643A-E6FF-408B-9CD0-F510C5D2E8EB}.Debug|Any CPU.Build.0 = Debug|Any CPU
		{CCB4643A-E6FF-408B-9CD0-F510C5D2E8EB}.Release|Any CPU.ActiveCfg = Release|Any CPU
		{CCB4643A-E6FF-408B-9CD0-F510C5D2E8EB}.Release|Any CPU.Build.0 = Release|Any CPU
	EndGlobalSection
	GlobalSection(SolutionProperties) = preSolution
		HideSolutionNode = FALSE
	EndGlobalSection
	GlobalSection(ExtensibilityGlobals) = postSolution
		SolutionGuid = {E6FAD6F7-20DB-4724-BE09-E37810B51B51}
	EndGlobalSection
EndGlobal
