
Microsoft Visual Studio Solution File, Format Version 12.00
# Visual Studio Version 17
VisualStudioVersion = 17.5.33414.496
MinimumVisualStudioVersion = 10.0.40219.1
Project("{FAE04EC0-301F-11D3-BF4B-00C04F79EFBC}") = "updater", "updater\updater.csproj", "{D721C386-4365-4EBE-814C-7CD5D5091620}"
EndProject
Global
	GlobalSection(SolutionConfigurationPlatforms) = preSolution
		Debug|Any CPU = Debug|Any CPU
		Release|Any CPU = Release|Any CPU
	EndGlobalSection
	GlobalSection(ProjectConfigurationPlatforms) = postSolution
		{D721C386-4365-4EBE-814C-7CD5D5091620}.Debug|Any CPU.ActiveCfg = Debug|Any CPU
		{D721C386-4365-4EBE-814C-7CD5D5091620}.Debug|Any CPU.Build.0 = Debug|Any CPU
		{D721C386-4365-4EBE-814C-7CD5D5091620}.Release|Any CPU.ActiveCfg = Release|Any CPU
		{D721C386-4365-4EBE-814C-7CD5D5091620}.Release|Any CPU.Build.0 = Release|Any CPU
	EndGlobalSection
	GlobalSection(SolutionProperties) = preSolution
		HideSolutionNode = FALSE
	EndGlobalSection
	GlobalSection(ExtensibilityGlobals) = postSolution
		SolutionGuid = {A7D25C52-0538-45A4-BD92-F5E0B2B40601}
	EndGlobalSection
EndGlobal
