
Microsoft Visual Studio Solution File, Format Version 12.00
# Visual Studio Version 17
VisualStudioVersion = 17.5.33414.496
MinimumVisualStudioVersion = 10.0.40219.1
Project("{FAE04EC0-301F-11D3-BF4B-00C04F79EFBC}") = "updater", "updater\updater.csproj", "{B091F442-D515-4850-977A-B54EE469EAC7}"
EndProject
Global
	GlobalSection(SolutionConfigurationPlatforms) = preSolution
		Debug|Any CPU = Debug|Any CPU
		Release|Any CPU = Release|Any CPU
	EndGlobalSection
	GlobalSection(ProjectConfigurationPlatforms) = postSolution
		{B091F442-D515-4850-977A-B54EE469EAC7}.Debug|Any CPU.ActiveCfg = Debug|Any CPU
		{B091F442-D515-4850-977A-B54EE469EAC7}.Debug|Any CPU.Build.0 = Debug|Any CPU
		{B091F442-D515-4850-977A-B54EE469EAC7}.Release|Any CPU.ActiveCfg = Release|Any CPU
		{B091F442-D515-4850-977A-B54EE469EAC7}.Release|Any CPU.Build.0 = Release|Any CPU
	EndGlobalSection
	GlobalSection(SolutionProperties) = preSolution
		HideSolutionNode = FALSE
	EndGlobalSection
	GlobalSection(ExtensibilityGlobals) = postSolution
		SolutionGuid = {7BA9BB0B-F19D-415A-A1EE-350DA00D4044}
	EndGlobalSection
EndGlobal
