
Microsoft Visual Studio Solution File, Format Version 12.00
# Visual Studio Version 17
VisualStudioVersion = 17.4.33213.308
MinimumVisualStudioVersion = 10.0.40219.1
Project("{9092AA53-FB77-4645-B42D-1CCCA6BD08BD}") = "test", "test.njsproj", "{EC653EEC-8860-447A-8E64-70F9437C261D}"
EndProject
Global
	GlobalSection(SolutionConfigurationPlatforms) = preSolution
		Debug|Any CPU = Debug|Any CPU
		Release|Any CPU = Release|Any CPU
	EndGlobalSection
	GlobalSection(ProjectConfigurationPlatforms) = postSolution
		{EC653EEC-8860-447A-8E64-70F9437C261D}.Debug|Any CPU.ActiveCfg = Debug|Any CPU
		{EC653EEC-8860-447A-8E64-70F9437C261D}.Debug|Any CPU.Build.0 = Debug|Any CPU
		{EC653EEC-8860-447A-8E64-70F9437C261D}.Release|Any CPU.ActiveCfg = Release|Any CPU
		{EC653EEC-8860-447A-8E64-70F9437C261D}.Release|Any CPU.Build.0 = Release|Any CPU
	EndGlobalSection
	GlobalSection(SolutionProperties) = preSolution
		HideSolutionNode = FALSE
	EndGlobalSection
	GlobalSection(ExtensibilityGlobals) = postSolution
		SolutionGuid = {37A576C7-E928-455E-B0AC-4678C9D03103}
	EndGlobalSection
EndGlobal
